
Microsoft Visual Studio Solution File, Format Version 12.00
# Visual Studio Version 17
VisualStudioVersion = 17.13.35919.96 d17.13
MinimumVisualStudioVersion = 10.0.40219.1
Project("{FAE04EC0-301F-11D3-BF4B-00C04F79EFBC}") = "Aoc2023", "Aoc2023\Aoc2023.csproj", "{CC919E67-16EE-4AC9-8303-65A6F8F6C1F9}"
EndProject
Project("{FAE04EC0-301F-11D3-BF4B-00C04F79EFBC}") = "AocCommon", "AocCommon\AocCommon.csproj", "{47117370-C5AE-4481-ACCB-AD4AA2AE29AD}"
EndProject
Project("{FAE04EC0-301F-11D3-BF4B-00C04F79EFBC}") = "Aoc2024", "Aoc2024\Aoc2024.csproj", "{6AA0E540-2136-4C55-A728-EFA8D0852D5A}"
EndProject
Project("{2150E333-8FDC-42A3-9474-1A3956D46DE8}") = "Solution Items", "Solution Items", "{8EC462FD-D22E-90A8-E5CE-7E832BA40C5D}"
	ProjectSection(SolutionItems) = preProject
		README.txt = README.txt
	EndProjectSection
EndProject
Global
	GlobalSection(SolutionConfigurationPlatforms) = preSolution
		Debug|Any CPU = Debug|Any CPU
		Release|Any CPU = Release|Any CPU
	EndGlobalSection
	GlobalSection(ProjectConfigurationPlatforms) = postSolution
		{CC919E67-16EE-4AC9-8303-65A6F8F6C1F9}.Debug|Any CPU.ActiveCfg = Debug|Any CPU
		{CC919E67-16EE-4AC9-8303-65A6F8F6C1F9}.Debug|Any CPU.Build.0 = Debug|Any CPU
		{CC919E67-16EE-4AC9-8303-65A6F8F6C1F9}.Release|Any CPU.ActiveCfg = Release|Any CPU
		{CC919E67-16EE-4AC9-8303-65A6F8F6C1F9}.Release|Any CPU.Build.0 = Release|Any CPU
		{47117370-C5AE-4481-ACCB-AD4AA2AE29AD}.Debug|Any CPU.ActiveCfg = Debug|Any CPU
		{47117370-C5AE-4481-ACCB-AD4AA2AE29AD}.Debug|Any CPU.Build.0 = Debug|Any CPU
		{47117370-C5AE-4481-ACCB-AD4AA2AE29AD}.Release|Any CPU.ActiveCfg = Release|Any CPU
		{47117370-C5AE-4481-ACCB-AD4AA2AE29AD}.Release|Any CPU.Build.0 = Release|Any CPU
		{6AA0E540-2136-4C55-A728-EFA8D0852D5A}.Debug|Any CPU.ActiveCfg = Debug|Any CPU
		{6AA0E540-2136-4C55-A728-EFA8D0852D5A}.Debug|Any CPU.Build.0 = Debug|Any CPU
		{6AA0E540-2136-4C55-A728-EFA8D0852D5A}.Release|Any CPU.ActiveCfg = Release|Any CPU
		{6AA0E540-2136-4C55-A728-EFA8D0852D5A}.Release|Any CPU.Build.0 = Release|Any CPU
	EndGlobalSection
	GlobalSection(SolutionProperties) = preSolution
		HideSolutionNode = FALSE
	EndGlobalSection
	GlobalSection(ExtensibilityGlobals) = postSolution
		SolutionGuid = {29011661-426B-4021-8859-A4825885E3FC}
	EndGlobalSection
EndGlobal
